
Microsoft Visual Studio Solution File, Format Version 12.00
# Visual Studio Version 17
VisualStudioVersion = 17.1.32328.378
MinimumVisualStudioVersion = 10.0.40219.1
Project("{FAE04EC0-301F-11D3-BF4B-00C04F79EFBC}") = "DemoApp.Test", "TestProject1\DemoApp.Test.csproj", "{AA82FD0E-687A-444B-98A8-B93D8ECB432F}"
EndProject
Global
	GlobalSection(SolutionConfigurationPlatforms) = preSolution
		Debug|Any CPU = Debug|Any CPU
		Release|Any CPU = Release|Any CPU
	EndGlobalSection
	GlobalSection(ProjectConfigurationPlatforms) = postSolution
		{AA82FD0E-687A-444B-98A8-B93D8ECB432F}.Debug|Any CPU.ActiveCfg = Debug|Any CPU
		{AA82FD0E-687A-444B-98A8-B93D8ECB432F}.Debug|Any CPU.Build.0 = Debug|Any CPU
		{AA82FD0E-687A-444B-98A8-B93D8ECB432F}.Release|Any CPU.ActiveCfg = Release|Any CPU
		{AA82FD0E-687A-444B-98A8-B93D8ECB432F}.Release|Any CPU.Build.0 = Release|Any CPU
	EndGlobalSection
	GlobalSection(SolutionProperties) = preSolution
		HideSolutionNode = FALSE
	EndGlobalSection
	GlobalSection(ExtensibilityGlobals) = postSolution
		SolutionGuid = {CFFBA48D-3316-4DD4-B113-6E0B59FE9BEF}
	EndGlobalSection
EndGlobal
